
Microsoft Visual Studio Solution File, Format Version 12.00
# Visual Studio Version 17
VisualStudioVersion = 17.8.34330.188
MinimumVisualStudioVersion = 10.0.40219.1
Project("{FAE04EC0-301F-11D3-BF4B-00C04F79EFBC}") = "RmxGeo.Domain", "RmxGeo.Domain\RmxGeo.Domain.csproj", "{CE29D61E-5F09-4587-A542-AF9460D32F43}"
EndProject
Project("{2150E333-8FDC-42A3-9474-1A3956D46DE8}") = "Tests", "Tests", "{532F4996-5E0F-4C01-B4B6-1DC187B6D9B5}"
EndProject
Project("{FAE04EC0-301F-11D3-BF4B-00C04F79EFBC}") = "RmxGeo.Domain.Tests", "RmxGeo.Domain.Tests\RmxGeo.Domain.Tests.csproj", "{1CCB858E-4F16-4B53-BCC2-0973BB054A06}"
EndProject
Project("{FAE04EC0-301F-11D3-BF4B-00C04F79EFBC}") = "RmxGeo.Application", "RmxGeo.Application\RmxGeo.Application.csproj", "{2F9E9888-AE48-4E4B-90BA-2FC5C33B69C0}"
EndProject
Project("{FAE04EC0-301F-11D3-BF4B-00C04F79EFBC}") = "RmxGeo.Application.Tests", "RmxGeo.Application.Tests\RmxGeo.Application.Tests.csproj", "{E07AE677-F06A-4F62-9DBA-DB34B170A9D1}"
EndProject
Global
	GlobalSection(SolutionConfigurationPlatforms) = preSolution
		Debug|Any CPU = Debug|Any CPU
		Release|Any CPU = Release|Any CPU
	EndGlobalSection
	GlobalSection(ProjectConfigurationPlatforms) = postSolution
		{CE29D61E-5F09-4587-A542-AF9460D32F43}.Debug|Any CPU.ActiveCfg = Debug|Any CPU
		{CE29D61E-5F09-4587-A542-AF9460D32F43}.Debug|Any CPU.Build.0 = Debug|Any CPU
		{CE29D61E-5F09-4587-A542-AF9460D32F43}.Release|Any CPU.ActiveCfg = Release|Any CPU
		{CE29D61E-5F09-4587-A542-AF9460D32F43}.Release|Any CPU.Build.0 = Release|Any CPU
		{1CCB858E-4F16-4B53-BCC2-0973BB054A06}.Debug|Any CPU.ActiveCfg = Debug|Any CPU
		{1CCB858E-4F16-4B53-BCC2-0973BB054A06}.Debug|Any CPU.Build.0 = Debug|Any CPU
		{1CCB858E-4F16-4B53-BCC2-0973BB054A06}.Release|Any CPU.ActiveCfg = Release|Any CPU
		{1CCB858E-4F16-4B53-BCC2-0973BB054A06}.Release|Any CPU.Build.0 = Release|Any CPU
		{2F9E9888-AE48-4E4B-90BA-2FC5C33B69C0}.Debug|Any CPU.ActiveCfg = Debug|Any CPU
		{2F9E9888-AE48-4E4B-90BA-2FC5C33B69C0}.Debug|Any CPU.Build.0 = Debug|Any CPU
		{2F9E9888-AE48-4E4B-90BA-2FC5C33B69C0}.Release|Any CPU.ActiveCfg = Release|Any CPU
		{2F9E9888-AE48-4E4B-90BA-2FC5C33B69C0}.Release|Any CPU.Build.0 = Release|Any CPU
		{E07AE677-F06A-4F62-9DBA-DB34B170A9D1}.Debug|Any CPU.ActiveCfg = Debug|Any CPU
		{E07AE677-F06A-4F62-9DBA-DB34B170A9D1}.Debug|Any CPU.Build.0 = Debug|Any CPU
		{E07AE677-F06A-4F62-9DBA-DB34B170A9D1}.Release|Any CPU.ActiveCfg = Release|Any CPU
		{E07AE677-F06A-4F62-9DBA-DB34B170A9D1}.Release|Any CPU.Build.0 = Release|Any CPU
	EndGlobalSection
	GlobalSection(SolutionProperties) = preSolution
		HideSolutionNode = FALSE
	EndGlobalSection
	GlobalSection(NestedProjects) = preSolution
		{1CCB858E-4F16-4B53-BCC2-0973BB054A06} = {532F4996-5E0F-4C01-B4B6-1DC187B6D9B5}
		{E07AE677-F06A-4F62-9DBA-DB34B170A9D1} = {532F4996-5E0F-4C01-B4B6-1DC187B6D9B5}
	EndGlobalSection
	GlobalSection(ExtensibilityGlobals) = postSolution
		SolutionGuid = {B9DB298B-5AAE-468B-A6FF-EC95C6B603CE}
	EndGlobalSection
EndGlobal
